
Microsoft Visual Studio Solution File, Format Version 12.00
# Visual Studio Version 17
VisualStudioVersion = 17.3.32811.315
MinimumVisualStudioVersion = 10.0.40219.1
Project("{FAE04EC0-301F-11D3-BF4B-00C04F79EFBC}") = "MovieManage", "MovieManage\MovieManage.csproj", "{BF65BD11-E90C-4C33-9818-9993800EF022}"
EndProject
Project("{9A19103F-16F7-4668-BE54-9A1E7A4F7556}") = "TestMovieManager", "TestMovieManager\TestMovieManager.csproj", "{C55AE66C-088D-4BF2-AF1E-CC4D37FA01F0}"
EndProject
Project("{FAE04EC0-301F-11D3-BF4B-00C04F79EFBC}") = "UnitTest56", "UnitTest56\UnitTest56.csproj", "{4B03A4ED-AEC5-400A-B028-73C345547885}"
EndProject
Global
	GlobalSection(SolutionConfigurationPlatforms) = preSolution
		Debug|Any CPU = Debug|Any CPU
		Release|Any CPU = Release|Any CPU
	EndGlobalSection
	GlobalSection(ProjectConfigurationPlatforms) = postSolution
		{BF65BD11-E90C-4C33-9818-9993800EF022}.Debug|Any CPU.ActiveCfg = Debug|Any CPU
		{BF65BD11-E90C-4C33-9818-9993800EF022}.Debug|Any CPU.Build.0 = Debug|Any CPU
		{BF65BD11-E90C-4C33-9818-9993800EF022}.Release|Any CPU.ActiveCfg = Release|Any CPU
		{BF65BD11-E90C-4C33-9818-9993800EF022}.Release|Any CPU.Build.0 = Release|Any CPU
		{C55AE66C-088D-4BF2-AF1E-CC4D37FA01F0}.Debug|Any CPU.ActiveCfg = Debug|Any CPU
		{C55AE66C-088D-4BF2-AF1E-CC4D37FA01F0}.Debug|Any CPU.Build.0 = Debug|Any CPU
		{C55AE66C-088D-4BF2-AF1E-CC4D37FA01F0}.Release|Any CPU.ActiveCfg = Release|Any CPU
		{C55AE66C-088D-4BF2-AF1E-CC4D37FA01F0}.Release|Any CPU.Build.0 = Release|Any CPU
		{4B03A4ED-AEC5-400A-B028-73C345547885}.Debug|Any CPU.ActiveCfg = Debug|Any CPU
		{4B03A4ED-AEC5-400A-B028-73C345547885}.Debug|Any CPU.Build.0 = Debug|Any CPU
		{4B03A4ED-AEC5-400A-B028-73C345547885}.Release|Any CPU.ActiveCfg = Release|Any CPU
		{4B03A4ED-AEC5-400A-B028-73C345547885}.Release|Any CPU.Build.0 = Release|Any CPU
	EndGlobalSection
	GlobalSection(SolutionProperties) = preSolution
		HideSolutionNode = FALSE
	EndGlobalSection
	GlobalSection(ExtensibilityGlobals) = postSolution
		SolutionGuid = {7A81C276-834F-45D5-9E3F-8BFC2F448981}
	EndGlobalSection
EndGlobal
